
Microsoft Visual Studio Solution File, Format Version 12.00
# Visual Studio 15
VisualStudioVersion = 15.0.26730.3
MinimumVisualStudioVersion = 10.0.40219.1
Project("{FAE04EC0-301F-11D3-BF4B-00C04F79EFBC}") = "Online.Store", "Online.Store\Online.Store.csproj", "{9B5D63B0-393A-4F4B-99B4-AE46AF2796C4}"
EndProject
Project("{FAE04EC0-301F-11D3-BF4B-00C04F79EFBC}") = "Online.Store.DocumentDB", "Online.Store.DocumentDB\Online.Store.DocumentDB.csproj", "{CF854E71-9DBB-4B12-A230-94F711ED417E}"
EndProject
Project("{FAE04EC0-301F-11D3-BF4B-00C04F79EFBC}") = "Online.Store.Core", "Online.Store.Core\Online.Store.Core.csproj", "{D37E2D5B-B4F5-4163-91CE-2B29CD995466}"
EndProject
Global
	GlobalSection(SolutionConfigurationPlatforms) = preSolution
		Debug|Any CPU = Debug|Any CPU
		Release|Any CPU = Release|Any CPU
	EndGlobalSection
	GlobalSection(ProjectConfigurationPlatforms) = postSolution
		{9B5D63B0-393A-4F4B-99B4-AE46AF2796C4}.Debug|Any CPU.ActiveCfg = Debug|Any CPU
		{9B5D63B0-393A-4F4B-99B4-AE46AF2796C4}.Debug|Any CPU.Build.0 = Debug|Any CPU
		{9B5D63B0-393A-4F4B-99B4-AE46AF2796C4}.Release|Any CPU.ActiveCfg = Release|Any CPU
		{9B5D63B0-393A-4F4B-99B4-AE46AF2796C4}.Release|Any CPU.Build.0 = Release|Any CPU
		{CF854E71-9DBB-4B12-A230-94F711ED417E}.Debug|Any CPU.ActiveCfg = Debug|Any CPU
		{CF854E71-9DBB-4B12-A230-94F711ED417E}.Debug|Any CPU.Build.0 = Debug|Any CPU
		{CF854E71-9DBB-4B12-A230-94F711ED417E}.Release|Any CPU.ActiveCfg = Release|Any CPU
		{CF854E71-9DBB-4B12-A230-94F711ED417E}.Release|Any CPU.Build.0 = Release|Any CPU
		{D37E2D5B-B4F5-4163-91CE-2B29CD995466}.Debug|Any CPU.ActiveCfg = Debug|Any CPU
		{D37E2D5B-B4F5-4163-91CE-2B29CD995466}.Debug|Any CPU.Build.0 = Debug|Any CPU
		{D37E2D5B-B4F5-4163-91CE-2B29CD995466}.Release|Any CPU.ActiveCfg = Release|Any CPU
		{D37E2D5B-B4F5-4163-91CE-2B29CD995466}.Release|Any CPU.Build.0 = Release|Any CPU
	EndGlobalSection
	GlobalSection(SolutionProperties) = preSolution
		HideSolutionNode = FALSE
	EndGlobalSection
	GlobalSection(ExtensibilityGlobals) = postSolution
		SolutionGuid = {BC618BA3-5364-41F4-8497-C0F1BFCBED9E}
	EndGlobalSection
EndGlobal
